
Microsoft Visual Studio Solution File, Format Version 12.00
# Visual Studio Version 17
VisualStudioVersion = 17.1.32328.378
MinimumVisualStudioVersion = 10.0.40219.1
Project("{FAE04EC0-301F-11D3-BF4B-00C04F79EFBC}") = "GaijiChukiConvert", "GaijiChukiConvert\GaijiChukiConvert.csproj", "{B00D25DA-542A-45F0-A826-A0AD5763BDD3}"
EndProject
Global
	GlobalSection(SolutionConfigurationPlatforms) = preSolution
		Debug|Any CPU = Debug|Any CPU
		Release|Any CPU = Release|Any CPU
	EndGlobalSection
	GlobalSection(ProjectConfigurationPlatforms) = postSolution
		{B00D25DA-542A-45F0-A826-A0AD5763BDD3}.Debug|Any CPU.ActiveCfg = Debug|Any CPU
		{B00D25DA-542A-45F0-A826-A0AD5763BDD3}.Debug|Any CPU.Build.0 = Debug|Any CPU
		{B00D25DA-542A-45F0-A826-A0AD5763BDD3}.Release|Any CPU.ActiveCfg = Release|Any CPU
		{B00D25DA-542A-45F0-A826-A0AD5763BDD3}.Release|Any CPU.Build.0 = Release|Any CPU
	EndGlobalSection
	GlobalSection(SolutionProperties) = preSolution
		HideSolutionNode = FALSE
	EndGlobalSection
	GlobalSection(ExtensibilityGlobals) = postSolution
		SolutionGuid = {DCCE0F5C-2CE2-4A15-A346-CC1FB3FB084C}
	EndGlobalSection
EndGlobal
