
Microsoft Visual Studio Solution File, Format Version 12.00
# Visual Studio Version 17
VisualStudioVersion = 17.4.33103.184
MinimumVisualStudioVersion = 10.0.40219.1
Project("{FAE04EC0-301F-11D3-BF4B-00C04F79EFBC}") = "GeneratedRegexReplacer", "GeneratedRegexReplacer\GeneratedRegexReplacer.csproj", "{74BFC83F-7C91-43CC-9724-A3163E67A112}"
EndProject
Global
	GlobalSection(SolutionConfigurationPlatforms) = preSolution
		Debug|Any CPU = Debug|Any CPU
		Release|Any CPU = Release|Any CPU
	EndGlobalSection
	GlobalSection(ProjectConfigurationPlatforms) = postSolution
		{74BFC83F-7C91-43CC-9724-A3163E67A112}.Debug|Any CPU.ActiveCfg = Debug|Any CPU
		{74BFC83F-7C91-43CC-9724-A3163E67A112}.Debug|Any CPU.Build.0 = Debug|Any CPU
		{74BFC83F-7C91-43CC-9724-A3163E67A112}.Release|Any CPU.ActiveCfg = Release|Any CPU
		{74BFC83F-7C91-43CC-9724-A3163E67A112}.Release|Any CPU.Build.0 = Release|Any CPU
	EndGlobalSection
	GlobalSection(SolutionProperties) = preSolution
		HideSolutionNode = FALSE
	EndGlobalSection
	GlobalSection(ExtensibilityGlobals) = postSolution
		SolutionGuid = {4A7B4EB5-F0D6-4D8F-864E-125C41B47182}
	EndGlobalSection
EndGlobal
