
Microsoft Visual Studio Solution File, Format Version 12.00
# Visual Studio Version 17
VisualStudioVersion = 17.1.32328.378
MinimumVisualStudioVersion = 10.0.40219.1
Project("{9A19103F-16F7-4668-BE54-9A1E7A4F7556}") = "aozora2html", "aozora2html\aozora2html.csproj", "{18112F28-6521-48C8-95D5-7F7782581C9D}"
EndProject
Project("{9A19103F-16F7-4668-BE54-9A1E7A4F7556}") = "JIS2UCS", "JIS2UCS\JIS2UCS.csproj", "{3663EE1C-8015-453F-89EE-D8FC6D08C095}"
EndProject
Project("{9A19103F-16F7-4668-BE54-9A1E7A4F7556}") = "TestProject", "TestProject\TestProject.csproj", "{F7573B51-D789-4DA8-AD74-010927315190}"
EndProject
Project("{9A19103F-16F7-4668-BE54-9A1E7A4F7556}") = "aozora2htmlConsole", "aozora2htmlConsole\aozora2htmlConsole.csproj", "{E981D45D-0FE2-4FCF-B9C9-45D7695B1F87}"
EndProject
Project("{FAE04EC0-301F-11D3-BF4B-00C04F79EFBC}") = "aozora2html.Epub", "aozora2html.Epub\aozora2html.Epub.csproj", "{0B7C45D6-A213-46A3-8E09-BC6EA23923C9}"
EndProject
Global
	GlobalSection(SolutionConfigurationPlatforms) = preSolution
		Debug|Any CPU = Debug|Any CPU
		Debug|arm64 = Debug|arm64
		Debug|x64 = Debug|x64
		Debug|x86 = Debug|x86
		Release|Any CPU = Release|Any CPU
		Release|arm64 = Release|arm64
		Release|x64 = Release|x64
		Release|x86 = Release|x86
	EndGlobalSection
	GlobalSection(ProjectConfigurationPlatforms) = postSolution
		{18112F28-6521-48C8-95D5-7F7782581C9D}.Debug|Any CPU.ActiveCfg = Debug|Any CPU
		{18112F28-6521-48C8-95D5-7F7782581C9D}.Debug|Any CPU.Build.0 = Debug|Any CPU
		{18112F28-6521-48C8-95D5-7F7782581C9D}.Debug|arm64.ActiveCfg = Debug|Any CPU
		{18112F28-6521-48C8-95D5-7F7782581C9D}.Debug|arm64.Build.0 = Debug|Any CPU
		{18112F28-6521-48C8-95D5-7F7782581C9D}.Debug|x64.ActiveCfg = Debug|Any CPU
		{18112F28-6521-48C8-95D5-7F7782581C9D}.Debug|x64.Build.0 = Debug|Any CPU
		{18112F28-6521-48C8-95D5-7F7782581C9D}.Debug|x86.ActiveCfg = Debug|Any CPU
		{18112F28-6521-48C8-95D5-7F7782581C9D}.Debug|x86.Build.0 = Debug|Any CPU
		{18112F28-6521-48C8-95D5-7F7782581C9D}.Release|Any CPU.ActiveCfg = Release|Any CPU
		{18112F28-6521-48C8-95D5-7F7782581C9D}.Release|Any CPU.Build.0 = Release|Any CPU
		{18112F28-6521-48C8-95D5-7F7782581C9D}.Release|arm64.ActiveCfg = Release|Any CPU
		{18112F28-6521-48C8-95D5-7F7782581C9D}.Release|arm64.Build.0 = Release|Any CPU
		{18112F28-6521-48C8-95D5-7F7782581C9D}.Release|x64.ActiveCfg = Release|Any CPU
		{18112F28-6521-48C8-95D5-7F7782581C9D}.Release|x64.Build.0 = Release|Any CPU
		{18112F28-6521-48C8-95D5-7F7782581C9D}.Release|x86.ActiveCfg = Release|Any CPU
		{18112F28-6521-48C8-95D5-7F7782581C9D}.Release|x86.Build.0 = Release|Any CPU
		{3663EE1C-8015-453F-89EE-D8FC6D08C095}.Debug|Any CPU.ActiveCfg = Debug|Any CPU
		{3663EE1C-8015-453F-89EE-D8FC6D08C095}.Debug|Any CPU.Build.0 = Debug|Any CPU
		{3663EE1C-8015-453F-89EE-D8FC6D08C095}.Debug|arm64.ActiveCfg = Debug|Any CPU
		{3663EE1C-8015-453F-89EE-D8FC6D08C095}.Debug|arm64.Build.0 = Debug|Any CPU
		{3663EE1C-8015-453F-89EE-D8FC6D08C095}.Debug|x64.ActiveCfg = Debug|Any CPU
		{3663EE1C-8015-453F-89EE-D8FC6D08C095}.Debug|x64.Build.0 = Debug|Any CPU
		{3663EE1C-8015-453F-89EE-D8FC6D08C095}.Debug|x86.ActiveCfg = Debug|Any CPU
		{3663EE1C-8015-453F-89EE-D8FC6D08C095}.Debug|x86.Build.0 = Debug|Any CPU
		{3663EE1C-8015-453F-89EE-D8FC6D08C095}.Release|Any CPU.ActiveCfg = Release|Any CPU
		{3663EE1C-8015-453F-89EE-D8FC6D08C095}.Release|Any CPU.Build.0 = Release|Any CPU
		{3663EE1C-8015-453F-89EE-D8FC6D08C095}.Release|arm64.ActiveCfg = Release|Any CPU
		{3663EE1C-8015-453F-89EE-D8FC6D08C095}.Release|arm64.Build.0 = Release|Any CPU
		{3663EE1C-8015-453F-89EE-D8FC6D08C095}.Release|x64.ActiveCfg = Release|Any CPU
		{3663EE1C-8015-453F-89EE-D8FC6D08C095}.Release|x64.Build.0 = Release|Any CPU
		{3663EE1C-8015-453F-89EE-D8FC6D08C095}.Release|x86.ActiveCfg = Release|Any CPU
		{3663EE1C-8015-453F-89EE-D8FC6D08C095}.Release|x86.Build.0 = Release|Any CPU
		{F7573B51-D789-4DA8-AD74-010927315190}.Debug|Any CPU.ActiveCfg = Debug|Any CPU
		{F7573B51-D789-4DA8-AD74-010927315190}.Debug|Any CPU.Build.0 = Debug|Any CPU
		{F7573B51-D789-4DA8-AD74-010927315190}.Debug|arm64.ActiveCfg = Debug|Any CPU
		{F7573B51-D789-4DA8-AD74-010927315190}.Debug|arm64.Build.0 = Debug|Any CPU
		{F7573B51-D789-4DA8-AD74-010927315190}.Debug|x64.ActiveCfg = Debug|Any CPU
		{F7573B51-D789-4DA8-AD74-010927315190}.Debug|x64.Build.0 = Debug|Any CPU
		{F7573B51-D789-4DA8-AD74-010927315190}.Debug|x86.ActiveCfg = Debug|Any CPU
		{F7573B51-D789-4DA8-AD74-010927315190}.Debug|x86.Build.0 = Debug|Any CPU
		{F7573B51-D789-4DA8-AD74-010927315190}.Release|Any CPU.ActiveCfg = Release|Any CPU
		{F7573B51-D789-4DA8-AD74-010927315190}.Release|Any CPU.Build.0 = Release|Any CPU
		{F7573B51-D789-4DA8-AD74-010927315190}.Release|arm64.ActiveCfg = Release|Any CPU
		{F7573B51-D789-4DA8-AD74-010927315190}.Release|arm64.Build.0 = Release|Any CPU
		{F7573B51-D789-4DA8-AD74-010927315190}.Release|x64.ActiveCfg = Release|Any CPU
		{F7573B51-D789-4DA8-AD74-010927315190}.Release|x64.Build.0 = Release|Any CPU
		{F7573B51-D789-4DA8-AD74-010927315190}.Release|x86.ActiveCfg = Release|Any CPU
		{F7573B51-D789-4DA8-AD74-010927315190}.Release|x86.Build.0 = Release|Any CPU
		{E981D45D-0FE2-4FCF-B9C9-45D7695B1F87}.Debug|Any CPU.ActiveCfg = Debug|Any CPU
		{E981D45D-0FE2-4FCF-B9C9-45D7695B1F87}.Debug|Any CPU.Build.0 = Debug|Any CPU
		{E981D45D-0FE2-4FCF-B9C9-45D7695B1F87}.Debug|arm64.ActiveCfg = Debug|Any CPU
		{E981D45D-0FE2-4FCF-B9C9-45D7695B1F87}.Debug|arm64.Build.0 = Debug|Any CPU
		{E981D45D-0FE2-4FCF-B9C9-45D7695B1F87}.Debug|x64.ActiveCfg = Debug|Any CPU
		{E981D45D-0FE2-4FCF-B9C9-45D7695B1F87}.Debug|x64.Build.0 = Debug|Any CPU
		{E981D45D-0FE2-4FCF-B9C9-45D7695B1F87}.Debug|x86.ActiveCfg = Debug|Any CPU
		{E981D45D-0FE2-4FCF-B9C9-45D7695B1F87}.Debug|x86.Build.0 = Debug|Any CPU
		{E981D45D-0FE2-4FCF-B9C9-45D7695B1F87}.Release|Any CPU.ActiveCfg = Release|Any CPU
		{E981D45D-0FE2-4FCF-B9C9-45D7695B1F87}.Release|Any CPU.Build.0 = Release|Any CPU
		{E981D45D-0FE2-4FCF-B9C9-45D7695B1F87}.Release|arm64.ActiveCfg = Release|Any CPU
		{E981D45D-0FE2-4FCF-B9C9-45D7695B1F87}.Release|arm64.Build.0 = Release|Any CPU
		{E981D45D-0FE2-4FCF-B9C9-45D7695B1F87}.Release|x64.ActiveCfg = Release|Any CPU
		{E981D45D-0FE2-4FCF-B9C9-45D7695B1F87}.Release|x64.Build.0 = Release|Any CPU
		{E981D45D-0FE2-4FCF-B9C9-45D7695B1F87}.Release|x86.ActiveCfg = Release|Any CPU
		{E981D45D-0FE2-4FCF-B9C9-45D7695B1F87}.Release|x86.Build.0 = Release|Any CPU
		{0B7C45D6-A213-46A3-8E09-BC6EA23923C9}.Debug|Any CPU.ActiveCfg = Debug|Any CPU
		{0B7C45D6-A213-46A3-8E09-BC6EA23923C9}.Debug|Any CPU.Build.0 = Debug|Any CPU
		{0B7C45D6-A213-46A3-8E09-BC6EA23923C9}.Debug|arm64.ActiveCfg = Debug|Any CPU
		{0B7C45D6-A213-46A3-8E09-BC6EA23923C9}.Debug|arm64.Build.0 = Debug|Any CPU
		{0B7C45D6-A213-46A3-8E09-BC6EA23923C9}.Debug|x64.ActiveCfg = Debug|Any CPU
		{0B7C45D6-A213-46A3-8E09-BC6EA23923C9}.Debug|x64.Build.0 = Debug|Any CPU
		{0B7C45D6-A213-46A3-8E09-BC6EA23923C9}.Debug|x86.ActiveCfg = Debug|Any CPU
		{0B7C45D6-A213-46A3-8E09-BC6EA23923C9}.Debug|x86.Build.0 = Debug|Any CPU
		{0B7C45D6-A213-46A3-8E09-BC6EA23923C9}.Release|Any CPU.ActiveCfg = Release|Any CPU
		{0B7C45D6-A213-46A3-8E09-BC6EA23923C9}.Release|Any CPU.Build.0 = Release|Any CPU
		{0B7C45D6-A213-46A3-8E09-BC6EA23923C9}.Release|arm64.ActiveCfg = Release|Any CPU
		{0B7C45D6-A213-46A3-8E09-BC6EA23923C9}.Release|arm64.Build.0 = Release|Any CPU
		{0B7C45D6-A213-46A3-8E09-BC6EA23923C9}.Release|x64.ActiveCfg = Release|Any CPU
		{0B7C45D6-A213-46A3-8E09-BC6EA23923C9}.Release|x64.Build.0 = Release|Any CPU
		{0B7C45D6-A213-46A3-8E09-BC6EA23923C9}.Release|x86.ActiveCfg = Release|Any CPU
		{0B7C45D6-A213-46A3-8E09-BC6EA23923C9}.Release|x86.Build.0 = Release|Any CPU
	EndGlobalSection
	GlobalSection(SolutionProperties) = preSolution
		HideSolutionNode = FALSE
	EndGlobalSection
	GlobalSection(ExtensibilityGlobals) = postSolution
		SolutionGuid = {D780B334-57DD-4E18-8147-AD5A46050423}
	EndGlobalSection
EndGlobal
