
Microsoft Visual Studio Solution File, Format Version 12.00
# Visual Studio Version 17
VisualStudioVersion = 17.4.33205.214
MinimumVisualStudioVersion = 10.0.40219.1
Project("{FAE04EC0-301F-11D3-BF4B-00C04F79EFBC}") = "Jis2UCS3", "Jis2UCS3\Jis2UCS3.csproj", "{C1EBCFBC-3D3E-4B22-9F71-7B6B05B12B07}"
EndProject
Global
	GlobalSection(SolutionConfigurationPlatforms) = preSolution
		Debug|Any CPU = Debug|Any CPU
		Release|Any CPU = Release|Any CPU
	EndGlobalSection
	GlobalSection(ProjectConfigurationPlatforms) = postSolution
		{C1EBCFBC-3D3E-4B22-9F71-7B6B05B12B07}.Debug|Any CPU.ActiveCfg = Debug|Any CPU
		{C1EBCFBC-3D3E-4B22-9F71-7B6B05B12B07}.Debug|Any CPU.Build.0 = Debug|Any CPU
		{C1EBCFBC-3D3E-4B22-9F71-7B6B05B12B07}.Release|Any CPU.ActiveCfg = Release|Any CPU
		{C1EBCFBC-3D3E-4B22-9F71-7B6B05B12B07}.Release|Any CPU.Build.0 = Release|Any CPU
	EndGlobalSection
	GlobalSection(SolutionProperties) = preSolution
		HideSolutionNode = FALSE
	EndGlobalSection
	GlobalSection(ExtensibilityGlobals) = postSolution
		SolutionGuid = {B7B03DF8-5D8C-4694-9A93-DD21A3DC6CFB}
	EndGlobalSection
EndGlobal
