
Microsoft Visual Studio Solution File, Format Version 12.00
# Visual Studio Version 17
VisualStudioVersion = 17.1.32328.378
MinimumVisualStudioVersion = 10.0.40219.1
Project("{FAE04EC0-301F-11D3-BF4B-00C04F79EFBC}") = "ConsoleApp", "ConsoleApp\ConsoleApp.csproj", "{1D2E1D6E-49FC-4B19-A295-B9EAA4E31EEF}"
EndProject
Global
	GlobalSection(SolutionConfigurationPlatforms) = preSolution
		Debug|Any CPU = Debug|Any CPU
		Release|Any CPU = Release|Any CPU
	EndGlobalSection
	GlobalSection(ProjectConfigurationPlatforms) = postSolution
		{1D2E1D6E-49FC-4B19-A295-B9EAA4E31EEF}.Debug|Any CPU.ActiveCfg = Debug|Any CPU
		{1D2E1D6E-49FC-4B19-A295-B9EAA4E31EEF}.Debug|Any CPU.Build.0 = Debug|Any CPU
		{1D2E1D6E-49FC-4B19-A295-B9EAA4E31EEF}.Release|Any CPU.ActiveCfg = Release|Any CPU
		{1D2E1D6E-49FC-4B19-A295-B9EAA4E31EEF}.Release|Any CPU.Build.0 = Release|Any CPU
	EndGlobalSection
	GlobalSection(SolutionProperties) = preSolution
		HideSolutionNode = FALSE
	EndGlobalSection
	GlobalSection(ExtensibilityGlobals) = postSolution
		SolutionGuid = {16531164-AD53-45AD-BE22-755A05093275}
	EndGlobalSection
EndGlobal
